
Microsoft Visual Studio Solution File, Format Version 12.00
# Visual Studio Version 16
VisualStudioVersion = 16.0.29806.167
MinimumVisualStudioVersion = 10.0.40219.1
Project("{FAE04EC0-301F-11D3-BF4B-00C04F79EFBC}") = "Insly.Tests", "Insly.Tests\Insly.Tests.csproj", "{AA776034-77DA-4CF6-94BE-E9B41FE7214C}"
EndProject
Global
	GlobalSection(SolutionConfigurationPlatforms) = preSolution
		Debug|Any CPU = Debug|Any CPU
		Release|Any CPU = Release|Any CPU
	EndGlobalSection
	GlobalSection(ProjectConfigurationPlatforms) = postSolution
		{AA776034-77DA-4CF6-94BE-E9B41FE7214C}.Debug|Any CPU.ActiveCfg = Debug|Any CPU
		{AA776034-77DA-4CF6-94BE-E9B41FE7214C}.Debug|Any CPU.Build.0 = Debug|Any CPU
		{AA776034-77DA-4CF6-94BE-E9B41FE7214C}.Release|Any CPU.ActiveCfg = Release|Any CPU
		{AA776034-77DA-4CF6-94BE-E9B41FE7214C}.Release|Any CPU.Build.0 = Release|Any CPU
	EndGlobalSection
	GlobalSection(SolutionProperties) = preSolution
		HideSolutionNode = FALSE
	EndGlobalSection
	GlobalSection(ExtensibilityGlobals) = postSolution
		SolutionGuid = {B9C08C36-3AF7-4CD3-950E-7F2BA2B8EF5D}
	EndGlobalSection
EndGlobal
